{
  "originHash" : "4b7815edec3d16ef9b9ad35e429ca2b096959658e36630ac8afa412da8c84990",
  "pins" : [
    {
      "identity" : "wwautolayoutconstraint",
      "kind" : "remoteSourceControl",
      "location" : "https://github.com/William-Weng/WWAutolayoutConstraint",
      "state" : {
        "revision" : "3efa698088862e5490b21ddea59250b54cf05d2f",
        "version" : "0.6.1"
      }
    },
    {
      "identity" : "wwfacelandmarkdetection",
      "kind" : "remoteSourceControl",
      "location" : "https://github.com/William-Weng/WWFaceLandmarkDetection",
      "state" : {
        "revision" : "71d492ebcfde5f8cd45337a19ce439b18e150261",
        "version" : "1.1.1"
      }
    }
  ],
  "version" : 3
}
