{
  "originHash" : "4b7815edec3d16ef9b9ad35e429ca2b096959658e36630ac8afa412da8c84990",
  "pins" : [
    {
      "identity" : "wwautolayoutconstraint",
      "kind" : "remoteSourceControl",
      "location" : "https://github.com/William-Weng/WWAutolayoutConstraint",
      "state" : {
        "revision" : "5bc412e8cde326aca88d20759c6d1cdbb199bb4d",
        "version" : "0.7.0"
      }
    },
    {
      "identity" : "wwfacelandmarkdetection",
      "kind" : "remoteSourceControl",
      "location" : "https://github.com/William-Weng/WWFaceLandmarkDetection",
      "state" : {
        "revision" : "2d7a31801e8535b610279611dc1b92b67ad3ac7c",
        "version" : "1.2.0"
      }
    }
  ],
  "version" : 3
}
